
Microsoft Visual Studio Solution File, Format Version 12.00
# Visual Studio Version 17
VisualStudioVersion = 17.13.35723.152 d17.13
MinimumVisualStudioVersion = 10.0.40219.1
Project("{FAE04EC0-301F-11D3-BF4B-00C04F79EFBC}") = "FinalKPLibrary", "FinalKPLibrary\FinalKPLibrary.csproj", "{3B54AC86-54B2-46D0-8BC5-F6C61FC2410B}"
EndProject
Global
	GlobalSection(SolutionConfigurationPlatforms) = preSolution
		Debug|Any CPU = Debug|Any CPU
		Release|Any CPU = Release|Any CPU
	EndGlobalSection
	GlobalSection(ProjectConfigurationPlatforms) = postSolution
		{3B54AC86-54B2-46D0-8BC5-F6C61FC2410B}.Debug|Any CPU.ActiveCfg = Debug|Any CPU
		{3B54AC86-54B2-46D0-8BC5-F6C61FC2410B}.Debug|Any CPU.Build.0 = Debug|Any CPU
		{3B54AC86-54B2-46D0-8BC5-F6C61FC2410B}.Release|Any CPU.ActiveCfg = Release|Any CPU
		{3B54AC86-54B2-46D0-8BC5-F6C61FC2410B}.Release|Any CPU.Build.0 = Release|Any CPU
	EndGlobalSection
	GlobalSection(SolutionProperties) = preSolution
		HideSolutionNode = FALSE
	EndGlobalSection
	GlobalSection(ExtensibilityGlobals) = postSolution
		SolutionGuid = {8EB1345C-6742-4874-89FB-F66C11504C77}
	EndGlobalSection
EndGlobal
